<?xml version="1.0" encoding="UTF-8"?>
<Scheme LastUpgradeVersion="2700" version="1.7">
  <BuildAction parallelizeBuildables="YES" buildImplicitDependencies="YES">
    <BuildActionEntries>
      <BuildActionEntry buildForTesting="YES" buildForRunning="YES" buildForProfiling="NO" buildForArchiving="NO" buildForAnalyzing="YES"><BuildableReference BuildableIdentifier="primary" BlueprintIdentifier="22034C0F2B54777C008147F0" BuildableName="Demo.app" BlueprintName="Demo" ReferencedContainer="container:Demo.xcodeproj"/></BuildActionEntry>
      <BuildActionEntry buildForTesting="YES" buildForRunning="NO" buildForProfiling="NO" buildForArchiving="NO" buildForAnalyzing="YES"><BuildableReference BuildableIdentifier="primary" BlueprintIdentifier="223CBF123069BF9C00BF6E0C" BuildableName="MaterialTabsModelTests.xctest" BlueprintName="MaterialTabsModelTests" ReferencedContainer="container:Demo.xcodeproj"/></BuildActionEntry>
      <BuildActionEntry buildForTesting="YES" buildForRunning="NO" buildForProfiling="NO" buildForArchiving="NO" buildForAnalyzing="YES"><BuildableReference BuildableIdentifier="primary" BlueprintIdentifier="223CBCC830660DAE00BF6E0C" BuildableName="MaterialTabsRegressionUITests.xctest" BlueprintName="MaterialTabsRegressionUITests" ReferencedContainer="container:Demo.xcodeproj"/></BuildActionEntry>
    </BuildActionEntries>
  </BuildAction>
  <TestAction buildConfiguration="Debug" selectedDebuggerIdentifier="Xcode.DebuggerFoundation.Debugger.LLDB" selectedLauncherIdentifier="Xcode.IDEFoundation.Launcher.PosixSpawn" shouldUseLaunchSchemeArgsEnv="NO">
    <TestPlans>
      <TestPlanReference reference="container:MaterialTabsRegressionUITests/TestPlans/Core.xctestplan" default="YES"/>
      <TestPlanReference reference="container:MaterialTabsRegressionUITests/TestPlans/Extended.xctestplan"/>
    </TestPlans>
    <Testables>
      <TestableReference skipped="NO" parallelizable="NO">
        <BuildableReference BuildableIdentifier="primary" BlueprintIdentifier="223CBF123069BF9C00BF6E0C" BuildableName="MaterialTabsModelTests.xctest" BlueprintName="MaterialTabsModelTests" ReferencedContainer="container:Demo.xcodeproj"/>
      </TestableReference>
      <TestableReference skipped="NO" parallelizable="NO">
        <BuildableReference BuildableIdentifier="primary" BlueprintIdentifier="223CBCC830660DAE00BF6E0C" BuildableName="MaterialTabsRegressionUITests.xctest" BlueprintName="MaterialTabsRegressionUITests" ReferencedContainer="container:Demo.xcodeproj"/>
      </TestableReference>
    </Testables>
  </TestAction>
  <LaunchAction buildConfiguration="Debug" selectedDebuggerIdentifier="Xcode.DebuggerFoundation.Debugger.LLDB" selectedLauncherIdentifier="Xcode.IDEFoundation.Launcher.LLDB" launchStyle="0" useCustomWorkingDirectory="NO" ignoresPersistentStateOnLaunch="NO" debugDocumentVersioning="YES" allowLocationSimulation="YES">
    <BuildableProductRunnable runnableDebuggingMode="0"><BuildableReference BuildableIdentifier="primary" BlueprintIdentifier="22034C0F2B54777C008147F0" BuildableName="Demo.app" BlueprintName="Demo" ReferencedContainer="container:Demo.xcodeproj"/></BuildableProductRunnable>
  </LaunchAction>
  <AnalyzeAction buildConfiguration="Debug"/>
  <ArchiveAction buildConfiguration="Release" revealArchiveInOrganizer="YES"/>
</Scheme>
